// !$*UTF8*$!
{
	archiveVersion = 1;
	classes = {
	};
	objectVersion = 56;
	objects = {

/* Begin PBXBuildFile section */
		BC088CF82990E22F00F3961D /* Toast.swift in Sources */ = {isa = PBXBuildFile; fileRef = BC088CF72990E22F00F3961D /* Toast.swift */; };
		BC088CFA2990E26C00F3961D /* UIViewControllerExtension.swift in Sources */ = {isa = PBXBuildFile; fileRef = BC088CF92990E26C00F3961D /* UIViewControllerExtension.swift */; };
		BC28402B2990DBC800BC63B4 /* UIColorExtension.swift in Sources */ = {isa = PBXBuildFile; fileRef = BC28402A2990DBC800BC63B4 /* UIColorExtension.swift */; };
		BC53EF5F299A15DD00BEE7D8 /* Lottie in Frameworks */ = {isa = PBXBuildFile; productRef = BC53EF5E299A15DD00BEE7D8 /* Lottie */; };
		BC53EF62299A242F00BEE7D8 /* pokeball_loading.json in Resources */ = {isa = PBXBuildFile; fileRef = BC53EF61299A242F00BEE7D8 /* pokeball_loading.json */; };
		BC5B383B2993AA7000E8BCDA /* pokedex.xcdatamodeld in Sources */ = {isa = PBXBuildFile; fileRef = BC5B38392993AA7000E8BCDA /* pokedex.xcdatamodeld */; };
		BC5B383D2993B10700E8BCDA /* Utils.swift in Sources */ = {isa = PBXBuildFile; fileRef = BC5B383C2993B10700E8BCDA /* Utils.swift */; };
		BC5B38462993B70B00E8BCDA /* DetailPokemonViewModel.swift in Sources */ = {isa = PBXBuildFile; fileRef = BC5B38452993B70B00E8BCDA /* DetailPokemonViewModel.swift */; };
		BC5B38492994D85700E8BCDA /* MyCollectionViewModel.swift in Sources */ = {isa = PBXBuildFile; fileRef = BC5B38482994D85700E8BCDA /* MyCollectionViewModel.swift */; };
		BC5B384C2994D8EE00E8BCDA /* PokemonCollection.swift in Sources */ = {isa = PBXBuildFile; fileRef = BC5B384B2994D8EE00E8BCDA /* PokemonCollection.swift */; };
		BC5B384E2994FFDB00E8BCDA /* UICollectionViewExtension.swift in Sources */ = {isa = PBXBuildFile; fileRef = BC5B384D2994FFDB00E8BCDA /* UICollectionViewExtension.swift */; };
		BC9A6842298934300027A87F /* AppDelegate.swift in Sources */ = {isa = PBXBuildFile; fileRef = BC9A6841298934300027A87F /* AppDelegate.swift */; };
		BC9A6844298934300027A87F /* SceneDelegate.swift in Sources */ = {isa = PBXBuildFile; fileRef = BC9A6843298934300027A87F /* SceneDelegate.swift */; };
		BC9A684B298934320027A87F /* Assets.xcassets in Resources */ = {isa = PBXBuildFile; fileRef = BC9A684A298934320027A87F /* Assets.xcassets */; };
		BC9A684E298934320027A87F /* LaunchScreen.storyboard in Resources */ = {isa = PBXBuildFile; fileRef = BC9A684C298934320027A87F /* LaunchScreen.storyboard */; };
		BC9A6859298934320027A87F /* pokedexTests.swift in Sources */ = {isa = PBXBuildFile; fileRef = BC9A6858298934320027A87F /* pokedexTests.swift */; };
		BC9A6863298934320027A87F /* pokedexUITests.swift in Sources */ = {isa = PBXBuildFile; fileRef = BC9A6862298934320027A87F /* pokedexUITests.swift */; };
		BC9A6865298934320027A87F /* pokedexUITestsLaunchTests.swift in Sources */ = {isa = PBXBuildFile; fileRef = BC9A6864298934320027A87F /* pokedexUITestsLaunchTests.swift */; };
		BC9A6872298938900027A87F /* TabBarViewController.swift in Sources */ = {isa = PBXBuildFile; fileRef = BC9A6871298938900027A87F /* TabBarViewController.swift */; };
		BC9A6875298939BB0027A87F /* DashboardViewController.swift in Sources */ = {isa = PBXBuildFile; fileRef = BC9A6873298939BB0027A87F /* DashboardViewController.swift */; };
		BC9A6876298939BB0027A87F /* DashboardViewController.xib in Resources */ = {isa = PBXBuildFile; fileRef = BC9A6874298939BB0027A87F /* DashboardViewController.xib */; };
		BC9A687929893A190027A87F /* MyCollectionViewController.swift in Sources */ = {isa = PBXBuildFile; fileRef = BC9A687729893A190027A87F /* MyCollectionViewController.swift */; };
		BC9A687A29893A190027A87F /* MyCollectionViewController.xib in Resources */ = {isa = PBXBuildFile; fileRef = BC9A687829893A190027A87F /* MyCollectionViewController.xib */; };
		BC9A6895298BBE5E0027A87F /* Alamofire in Frameworks */ = {isa = PBXBuildFile; productRef = BC9A6894298BBE5E0027A87F /* Alamofire */; };
		BC9A6898298BBE810027A87F /* Kingfisher in Frameworks */ = {isa = PBXBuildFile; productRef = BC9A6897298BBE810027A87F /* Kingfisher */; };
		BC9A689B298BBEB90027A87F /* netfox in Frameworks */ = {isa = PBXBuildFile; productRef = BC9A689A298BBEB90027A87F /* netfox */; };
		BC9A689F298BC0E90027A87F /* Repository.swift in Sources */ = {isa = PBXBuildFile; fileRef = BC9A689E298BC0E90027A87F /* Repository.swift */; };
		BC9A68A2298BC2680027A87F /* PokemonList.swift in Sources */ = {isa = PBXBuildFile; fileRef = BC9A68A1298BC2680027A87F /* PokemonList.swift */; };
		BC9A68A4298BC3100027A87F /* PokemonResults.swift in Sources */ = {isa = PBXBuildFile; fileRef = BC9A68A3298BC3100027A87F /* PokemonResults.swift */; };
		BC9A68A6298BC5F50027A87F /* Pokemon.swift in Sources */ = {isa = PBXBuildFile; fileRef = BC9A68A5298BC5F50027A87F /* Pokemon.swift */; };
		BCD8D37B298BD40E00C3FA12 /* Observable.swift in Sources */ = {isa = PBXBuildFile; fileRef = BCD8D37A298BD40E00C3FA12 /* Observable.swift */; };
		BCD8D37F298BD43D00C3FA12 /* DashboardViewModel.swift in Sources */ = {isa = PBXBuildFile; fileRef = BCD8D37E298BD43D00C3FA12 /* DashboardViewModel.swift */; };
		BCD8D38E298D1B0800C3FA12 /* DetailPokemonViewController.swift in Sources */ = {isa = PBXBuildFile; fileRef = BCD8D38C298D1B0800C3FA12 /* DetailPokemonViewController.swift */; };
		BCD8D38F298D1B0800C3FA12 /* DetailPokemonViewController.xib in Resources */ = {isa = PBXBuildFile; fileRef = BCD8D38D298D1B0800C3FA12 /* DetailPokemonViewController.xib */; };
		E1BF746C298AE1F800A2FE45 /* PokemonListCollectionViewCell.swift in Sources */ = {isa = PBXBuildFile; fileRef = E1BF746A298AE1F800A2FE45 /* PokemonListCollectionViewCell.swift */; };
		E1BF746D298AE1F800A2FE45 /* PokemonListCollectionViewCell.xib in Resources */ = {isa = PBXBuildFile; fileRef = E1BF746B298AE1F800A2FE45 /* PokemonListCollectionViewCell.xib */; };
		E1D15BE2298D58B900AF0012 /* CustomSegmentedControl.swift in Sources */ = {isa = PBXBuildFile; fileRef = E1D15BE1298D58B900AF0012 /* CustomSegmentedControl.swift */; };
		E1D15BE7298D59B100AF0012 /* CollectionExtension.swift in Sources */ = {isa = PBXBuildFile; fileRef = E1D15BE6298D59B100AF0012 /* CollectionExtension.swift */; };
		E1D15BEB298D61B900AF0012 /* AboutViewController.swift in Sources */ = {isa = PBXBuildFile; fileRef = E1D15BE9298D61B800AF0012 /* AboutViewController.swift */; };
		E1D15BEC298D61B900AF0012 /* AboutViewController.xib in Resources */ = {isa = PBXBuildFile; fileRef = E1D15BEA298D61B800AF0012 /* AboutViewController.xib */; };
		E1D15BF0298D61CD00AF0012 /* BaseStatsViewController.swift in Sources */ = {isa = PBXBuildFile; fileRef = E1D15BEE298D61CD00AF0012 /* BaseStatsViewController.swift */; };
		E1D15BF1298D61CD00AF0012 /* BaseStatsViewController.xib in Resources */ = {isa = PBXBuildFile; fileRef = E1D15BEF298D61CD00AF0012 /* BaseStatsViewController.xib */; };
		E1D15BF5298D61E000AF0012 /* MovesViewController.swift in Sources */ = {isa = PBXBuildFile; fileRef = E1D15BF3298D61E000AF0012 /* MovesViewController.swift */; };
		E1D15BF6298D61E000AF0012 /* MovesViewController.xib in Resources */ = {isa = PBXBuildFile; fileRef = E1D15BF4298D61E000AF0012 /* MovesViewController.xib */; };
		E1D15BFA298D7B5700AF0012 /* BaseStatsTableViewCell.swift in Sources */ = {isa = PBXBuildFile; fileRef = E1D15BF8298D7B5700AF0012 /* BaseStatsTableViewCell.swift */; };
		E1D15BFB298D7B5700AF0012 /* BaseStatsTableViewCell.xib in Resources */ = {isa = PBXBuildFile; fileRef = E1D15BF9298D7B5700AF0012 /* BaseStatsTableViewCell.xib */; };
		E1D15C04298D871C00AF0012 /* MovesTableViewCell.swift in Sources */ = {isa = PBXBuildFile; fileRef = E1D15C02298D871C00AF0012 /* MovesTableViewCell.swift */; };
		E1D15C05298D871C00AF0012 /* MovesTableViewCell.xib in Resources */ = {isa = PBXBuildFile; fileRef = E1D15C03298D871C00AF0012 /* MovesTableViewCell.xib */; };
/* End PBXBuildFile section */

/* Begin PBXContainerItemProxy section */
		BC9A6855298934320027A87F /* PBXContainerItemProxy */ = {
			isa = PBXContainerItemProxy;
			containerPortal = BC9A6836298934300027A87F /* Project object */;
			proxyType = 1;
			remoteGlobalIDString = BC9A683D298934300027A87F;
			remoteInfo = pokedex;
		};
		BC9A685F298934320027A87F /* PBXContainerItemProxy */ = {
			isa = PBXContainerItemProxy;
			containerPortal = BC9A6836298934300027A87F /* Project object */;
			proxyType = 1;
			remoteGlobalIDString = BC9A683D298934300027A87F;
			remoteInfo = pokedex;
		};
/* End PBXContainerItemProxy section */

/* Begin PBXFileReference section */
		BC088CF72990E22F00F3961D /* Toast.swift */ = {isa = PBXFileReference; fileEncoding = 4; lastKnownFileType = sourcecode.swift; path = Toast.swift; sourceTree = "<group>"; };
		BC088CF92990E26C00F3961D /* UIViewControllerExtension.swift */ = {isa = PBXFileReference; lastKnownFileType = sourcecode.swift; path = UIViewControllerExtension.swift; sourceTree = "<group>"; };
		BC28402A2990DBC800BC63B4 /* UIColorExtension.swift */ = {isa = PBXFileReference; lastKnownFileType = sourcecode.swift; path = UIColorExtension.swift; sourceTree = "<group>"; };
		BC53EF61299A242F00BEE7D8 /* pokeball_loading.json */ = {isa = PBXFileReference; fileEncoding = 4; lastKnownFileType = text.json; path = pokeball_loading.json; sourceTree = "<group>"; };
		BC5B383A2993AA7000E8BCDA /* pokedex.xcdatamodel */ = {isa = PBXFileReference; lastKnownFileType = wrapper.xcdatamodel; path = pokedex.xcdatamodel; sourceTree = "<group>"; };
		BC5B383C2993B10700E8BCDA /* Utils.swift */ = {isa = PBXFileReference; lastKnownFileType = sourcecode.swift; path = Utils.swift; sourceTree = "<group>"; };
		BC5B38452993B70B00E8BCDA /* DetailPokemonViewModel.swift */ = {isa = PBXFileReference; lastKnownFileType = sourcecode.swift; path = DetailPokemonViewModel.swift; sourceTree = "<group>"; };
		BC5B38482994D85700E8BCDA /* MyCollectionViewModel.swift */ = {isa = PBXFileReference; lastKnownFileType = sourcecode.swift; path = MyCollectionViewModel.swift; sourceTree = "<group>"; };
		BC5B384B2994D8EE00E8BCDA /* PokemonCollection.swift */ = {isa = PBXFileReference; lastKnownFileType = sourcecode.swift; path = PokemonCollection.swift; sourceTree = "<group>"; };
		BC5B384D2994FFDB00E8BCDA /* UICollectionViewExtension.swift */ = {isa = PBXFileReference; lastKnownFileType = sourcecode.swift; path = UICollectionViewExtension.swift; sourceTree = "<group>"; };
		BC9A683E298934300027A87F /* pokedex.app */ = {isa = PBXFileReference; explicitFileType = wrapper.application; includeInIndex = 0; path = pokedex.app; sourceTree = BUILT_PRODUCTS_DIR; };
		BC9A6841298934300027A87F /* AppDelegate.swift */ = {isa = PBXFileReference; lastKnownFileType = sourcecode.swift; path = AppDelegate.swift; sourceTree = "<group>"; };
		BC9A6843298934300027A87F /* SceneDelegate.swift */ = {isa = PBXFileReference; lastKnownFileType = sourcecode.swift; path = SceneDelegate.swift; sourceTree = "<group>"; };
		BC9A684A298934320027A87F /* Assets.xcassets */ = {isa = PBXFileReference; lastKnownFileType = folder.assetcatalog; path = Assets.xcassets; sourceTree = "<group>"; };
		BC9A684D298934320027A87F /* Base */ = {isa = PBXFileReference; lastKnownFileType = file.storyboard; name = Base; path = Base.lproj/LaunchScreen.storyboard; sourceTree = "<group>"; };
		BC9A684F298934320027A87F /* Info.plist */ = {isa = PBXFileReference; lastKnownFileType = text.plist.xml; path = Info.plist; sourceTree = "<group>"; };
		BC9A6854298934320027A87F /* pokedexTests.xctest */ = {isa = PBXFileReference; explicitFileType = wrapper.cfbundle; includeInIndex = 0; path = pokedexTests.xctest; sourceTree = BUILT_PRODUCTS_DIR; };
		BC9A6858298934320027A87F /* pokedexTests.swift */ = {isa = PBXFileReference; lastKnownFileType = sourcecode.swift; path = pokedexTests.swift; sourceTree = "<group>"; };
		BC9A685E298934320027A87F /* pokedexUITests.xctest */ = {isa = PBXFileReference; explicitFileType = wrapper.cfbundle; includeInIndex = 0; path = pokedexUITests.xctest; sourceTree = BUILT_PRODUCTS_DIR; };
		BC9A6862298934320027A87F /* pokedexUITests.swift */ = {isa = PBXFileReference; lastKnownFileType = sourcecode.swift; path = pokedexUITests.swift; sourceTree = "<group>"; };
		BC9A6864298934320027A87F /* pokedexUITestsLaunchTests.swift */ = {isa = PBXFileReference; lastKnownFileType = sourcecode.swift; path = pokedexUITestsLaunchTests.swift; sourceTree = "<group>"; };
		BC9A6871298938900027A87F /* TabBarViewController.swift */ = {isa = PBXFileReference; lastKnownFileType = sourcecode.swift; path = TabBarViewController.swift; sourceTree = "<group>"; };
		BC9A6873298939BB0027A87F /* DashboardViewController.swift */ = {isa = PBXFileReference; lastKnownFileType = sourcecode.swift; path = DashboardViewController.swift; sourceTree = "<group>"; };
		BC9A6874298939BB0027A87F /* DashboardViewController.xib */ = {isa = PBXFileReference; lastKnownFileType = file.xib; path = DashboardViewController.xib; sourceTree = "<group>"; };
		BC9A687729893A190027A87F /* MyCollectionViewController.swift */ = {isa = PBXFileReference; lastKnownFileType = sourcecode.swift; path = MyCollectionViewController.swift; sourceTree = "<group>"; };
		BC9A687829893A190027A87F /* MyCollectionViewController.xib */ = {isa = PBXFileReference; lastKnownFileType = file.xib; path = MyCollectionViewController.xib; sourceTree = "<group>"; };
		BC9A689E298BC0E90027A87F /* Repository.swift */ = {isa = PBXFileReference; lastKnownFileType = sourcecode.swift; path = Repository.swift; sourceTree = "<group>"; };
		BC9A68A1298BC2680027A87F /* PokemonList.swift */ = {isa = PBXFileReference; lastKnownFileType = sourcecode.swift; path = PokemonList.swift; sourceTree = "<group>"; };
		BC9A68A3298BC3100027A87F /* PokemonResults.swift */ = {isa = PBXFileReference; lastKnownFileType = sourcecode.swift; path = PokemonResults.swift; sourceTree = "<group>"; };
		BC9A68A5298BC5F50027A87F /* Pokemon.swift */ = {isa = PBXFileReference; lastKnownFileType = sourcecode.swift; path = Pokemon.swift; sourceTree = "<group>"; };
		BCD8D37A298BD40E00C3FA12 /* Observable.swift */ = {isa = PBXFileReference; lastKnownFileType = sourcecode.swift; path = Observable.swift; sourceTree = "<group>"; };
		BCD8D37E298BD43D00C3FA12 /* DashboardViewModel.swift */ = {isa = PBXFileReference; lastKnownFileType = sourcecode.swift; path = DashboardViewModel.swift; sourceTree = "<group>"; };
		BCD8D38C298D1B0800C3FA12 /* DetailPokemonViewController.swift */ = {isa = PBXFileReference; lastKnownFileType = sourcecode.swift; path = DetailPokemonViewController.swift; sourceTree = "<group>"; };
		BCD8D38D298D1B0800C3FA12 /* DetailPokemonViewController.xib */ = {isa = PBXFileReference; lastKnownFileType = file.xib; path = DetailPokemonViewController.xib; sourceTree = "<group>"; };
		E1BF746A298AE1F800A2FE45 /* PokemonListCollectionViewCell.swift */ = {isa = PBXFileReference; lastKnownFileType = sourcecode.swift; path = PokemonListCollectionViewCell.swift; sourceTree = "<group>"; };
		E1BF746B298AE1F800A2FE45 /* PokemonListCollectionViewCell.xib */ = {isa = PBXFileReference; lastKnownFileType = file.xib; path = PokemonListCollectionViewCell.xib; sourceTree = "<group>"; };
		E1D15BE1298D58B900AF0012 /* CustomSegmentedControl.swift */ = {isa = PBXFileReference; lastKnownFileType = sourcecode.swift; path = CustomSegmentedControl.swift; sourceTree = "<group>"; };
		E1D15BE6298D59B100AF0012 /* CollectionExtension.swift */ = {isa = PBXFileReference; lastKnownFileType = sourcecode.swift; path = CollectionExtension.swift; sourceTree = "<group>"; };
		E1D15BE9298D61B800AF0012 /* AboutViewController.swift */ = {isa = PBXFileReference; lastKnownFileType = sourcecode.swift; path = AboutViewController.swift; sourceTree = "<group>"; };
		E1D15BEA298D61B800AF0012 /* AboutViewController.xib */ = {isa = PBXFileReference; lastKnownFileType = file.xib; path = AboutViewController.xib; sourceTree = "<group>"; };
		E1D15BEE298D61CD00AF0012 /* BaseStatsViewController.swift */ = {isa = PBXFileReference; lastKnownFileType = sourcecode.swift; path = BaseStatsViewController.swift; sourceTree = "<group>"; };
		E1D15BEF298D61CD00AF0012 /* BaseStatsViewController.xib */ = {isa = PBXFileReference; lastKnownFileType = file.xib; path = BaseStatsViewController.xib; sourceTree = "<group>"; };
		E1D15BF3298D61E000AF0012 /* MovesViewController.swift */ = {isa = PBXFileReference; lastKnownFileType = sourcecode.swift; path = MovesViewController.swift; sourceTree = "<group>"; };
		E1D15BF4298D61E000AF0012 /* MovesViewController.xib */ = {isa = PBXFileReference; lastKnownFileType = file.xib; path = MovesViewController.xib; sourceTree = "<group>"; };
		E1D15BF8298D7B5700AF0012 /* BaseStatsTableViewCell.swift */ = {isa = PBXFileReference; lastKnownFileType = sourcecode.swift; path = BaseStatsTableViewCell.swift; sourceTree = "<group>"; };
		E1D15BF9298D7B5700AF0012 /* BaseStatsTableViewCell.xib */ = {isa = PBXFileReference; lastKnownFileType = file.xib; path = BaseStatsTableViewCell.xib; sourceTree = "<group>"; };
		E1D15C02298D871C00AF0012 /* MovesTableViewCell.swift */ = {isa = PBXFileReference; lastKnownFileType = sourcecode.swift; path = MovesTableViewCell.swift; sourceTree = "<group>"; };
		E1D15C03298D871C00AF0012 /* MovesTableViewCell.xib */ = {isa = PBXFileReference; lastKnownFileType = file.xib; path = MovesTableViewCell.xib; sourceTree = "<group>"; };
/* End PBXFileReference section */

/* Begin PBXFrameworksBuildPhase section */
		BC9A683B298934300027A87F /* Frameworks */ = {
			isa = PBXFrameworksBuildPhase;
			buildActionMask = 2147483647;
			files = (
				BC9A6898298BBE810027A87F /* Kingfisher in Frameworks */,
				BC9A6895298BBE5E0027A87F /* Alamofire in Frameworks */,
				BC9A689B298BBEB90027A87F /* netfox in Frameworks */,
				BC53EF5F299A15DD00BEE7D8 /* Lottie in Frameworks */,
			);
			runOnlyForDeploymentPostprocessing = 0;
		};
		BC9A6851298934320027A87F /* Frameworks */ = {
			isa = PBXFrameworksBuildPhase;
			buildActionMask = 2147483647;
			files = (
			);
			runOnlyForDeploymentPostprocessing = 0;
		};
		BC9A685B298934320027A87F /* Frameworks */ = {
			isa = PBXFrameworksBuildPhase;
			buildActionMask = 2147483647;
			files = (
			);
			runOnlyForDeploymentPostprocessing = 0;
		};
/* End PBXFrameworksBuildPhase section */

/* Begin PBXGroup section */
		BC53EF60299A242300BEE7D8 /* Assets */ = {
			isa = PBXGroup;
			children = (
				BC53EF61299A242F00BEE7D8 /* pokeball_loading.json */,
			);
			path = Assets;
			sourceTree = "<group>";
		};
		BC5B38472993B70E00E8BCDA /* ViewModel */ = {
			isa = PBXGroup;
			children = (
				BC5B38452993B70B00E8BCDA /* DetailPokemonViewModel.swift */,
			);
			path = ViewModel;
			sourceTree = "<group>";
		};
		BC5B384A2994D85A00E8BCDA /* ViewModel */ = {
			isa = PBXGroup;
			children = (
				BC5B38482994D85700E8BCDA /* MyCollectionViewModel.swift */,
			);
			path = ViewModel;
			sourceTree = "<group>";
		};
		BC9A6835298934300027A87F = {
			isa = PBXGroup;
			children = (
				BC9A6840298934300027A87F /* pokedex */,
				BC9A6857298934320027A87F /* pokedexTests */,
				BC9A6861298934320027A87F /* pokedexUITests */,
				BC9A683F298934300027A87F /* Products */,
			);
			sourceTree = "<group>";
		};
		BC9A683F298934300027A87F /* Products */ = {
			isa = PBXGroup;
			children = (
				BC9A683E298934300027A87F /* pokedex.app */,
				BC9A6854298934320027A87F /* pokedexTests.xctest */,
				BC9A685E298934320027A87F /* pokedexUITests.xctest */,
			);
			name = Products;
			sourceTree = "<group>";
		};
		BC9A6840298934300027A87F /* pokedex */ = {
			isa = PBXGroup;
			children = (
				E1D15BE3298D597D00AF0012 /* Extensions */,
				E1D15BE0298D589D00AF0012 /* LibraryThirdParty */,
				BC9A689D298BC0D70027A87F /* Repository */,
				BC9A687E298942040027A87F /* Features */,
				BC9A689C298BBF970027A87F /* Supporting Files */,
				BC9A684F298934320027A87F /* Info.plist */,
				BC5B38392993AA7000E8BCDA /* pokedex.xcdatamodeld */,
			);
			path = pokedex;
			sourceTree = "<group>";
		};
		BC9A6857298934320027A87F /* pokedexTests */ = {
			isa = PBXGroup;
			children = (
				BC9A6858298934320027A87F /* pokedexTests.swift */,
			);
			path = pokedexTests;
			sourceTree = "<group>";
		};
		BC9A6861298934320027A87F /* pokedexUITests */ = {
			isa = PBXGroup;
			children = (
				BC9A6862298934320027A87F /* pokedexUITests.swift */,
				BC9A6864298934320027A87F /* pokedexUITestsLaunchTests.swift */,
			);
			path = pokedexUITests;
			sourceTree = "<group>";
		};
		BC9A687B29893A200027A87F /* MyCollection */ = {
			isa = PBXGroup;
			children = (
				BC5B384A2994D85A00E8BCDA /* ViewModel */,
				BC9A687729893A190027A87F /* MyCollectionViewController.swift */,
				BC9A687829893A190027A87F /* MyCollectionViewController.xib */,
			);
			path = MyCollection;
			sourceTree = "<group>";
		};
		BC9A687C29893A2B0027A87F /* Dashboard */ = {
			isa = PBXGroup;
			children = (
				BCD8D380298BD92400C3FA12 /* ViewModel */,
				BCD8D381298BD94200C3FA12 /* Views */,
			);
			path = Dashboard;
			sourceTree = "<group>";
		};
		BC9A687D298941EF0027A87F /* Base */ = {
			isa = PBXGroup;
			children = (
				BC9A6871298938900027A87F /* TabBarViewController.swift */,
			);
			path = Base;
			sourceTree = "<group>";
		};
		BC9A687E298942040027A87F /* Features */ = {
			isa = PBXGroup;
			children = (
				BC9A687D298941EF0027A87F /* Base */,
				BC9A687C29893A2B0027A87F /* Dashboard */,
				BCD8D38B298D1AEB00C3FA12 /* Detail */,
				BC9A687B29893A200027A87F /* MyCollection */,
			);
			path = Features;
			sourceTree = "<group>";
		};
		BC9A689C298BBF970027A87F /* Supporting Files */ = {
			isa = PBXGroup;
			children = (
				BC53EF60299A242300BEE7D8 /* Assets */,
				BC5B383C2993B10700E8BCDA /* Utils.swift */,
				BCD8D37A298BD40E00C3FA12 /* Observable.swift */,
				BC9A6841298934300027A87F /* AppDelegate.swift */,
				BC9A6843298934300027A87F /* SceneDelegate.swift */,
				BC9A684A298934320027A87F /* Assets.xcassets */,
				BC9A684C298934320027A87F /* LaunchScreen.storyboard */,
			);
			path = "Supporting Files";
			sourceTree = "<group>";
		};
		BC9A689D298BC0D70027A87F /* Repository */ = {
			isa = PBXGroup;
			children = (
				BC9A68A0298BC0F00027A87F /* Model */,
				BC9A689E298BC0E90027A87F /* Repository.swift */,
			);
			path = Repository;
			sourceTree = "<group>";
		};
		BC9A68A0298BC0F00027A87F /* Model */ = {
			isa = PBXGroup;
			children = (
				BC9A68A1298BC2680027A87F /* PokemonList.swift */,
				BC9A68A3298BC3100027A87F /* PokemonResults.swift */,
				BC9A68A5298BC5F50027A87F /* Pokemon.swift */,
				BC5B384B2994D8EE00E8BCDA /* PokemonCollection.swift */,
			);
			path = Model;
			sourceTree = "<group>";
		};
		BCD8D380298BD92400C3FA12 /* ViewModel */ = {
			isa = PBXGroup;
			children = (
				BCD8D37E298BD43D00C3FA12 /* DashboardViewModel.swift */,
			);
			path = ViewModel;
			sourceTree = "<group>";
		};
		BCD8D381298BD94200C3FA12 /* Views */ = {
			isa = PBXGroup;
			children = (
				E1BF746E298AE1FE00A2FE45 /* Cell */,
				BC9A6873298939BB0027A87F /* DashboardViewController.swift */,
				BC9A6874298939BB0027A87F /* DashboardViewController.xib */,
			);
			path = Views;
			sourceTree = "<group>";
		};
		BCD8D38B298D1AEB00C3FA12 /* Detail */ = {
			isa = PBXGroup;
			children = (
				BC5B38472993B70E00E8BCDA /* ViewModel */,
				E1D15BE8298D61A500AF0012 /* SegmentedController */,
				BCD8D38C298D1B0800C3FA12 /* DetailPokemonViewController.swift */,
				BCD8D38D298D1B0800C3FA12 /* DetailPokemonViewController.xib */,
			);
			path = Detail;
			sourceTree = "<group>";
		};
		E1BF746E298AE1FE00A2FE45 /* Cell */ = {
			isa = PBXGroup;
			children = (
				E1BF746A298AE1F800A2FE45 /* PokemonListCollectionViewCell.swift */,
				E1BF746B298AE1F800A2FE45 /* PokemonListCollectionViewCell.xib */,
			);
			path = Cell;
			sourceTree = "<group>";
		};
		E1D15BE0298D589D00AF0012 /* LibraryThirdParty */ = {
			isa = PBXGroup;
			children = (
				BC088CF72990E22F00F3961D /* Toast.swift */,
				E1D15BE1298D58B900AF0012 /* CustomSegmentedControl.swift */,
			);
			path = LibraryThirdParty;
			sourceTree = "<group>";
		};
		E1D15BE3298D597D00AF0012 /* Extensions */ = {
			isa = PBXGroup;
			children = (
				E1D15BE6298D59B100AF0012 /* CollectionExtension.swift */,
				BC28402A2990DBC800BC63B4 /* UIColorExtension.swift */,
				BC088CF92990E26C00F3961D /* UIViewControllerExtension.swift */,
				BC5B384D2994FFDB00E8BCDA /* UICollectionViewExtension.swift */,
			);
			path = Extensions;
			sourceTree = "<group>";
		};
		E1D15BE8298D61A500AF0012 /* SegmentedController */ = {
			isa = PBXGroup;
			children = (
				E1D15BED298D61BD00AF0012 /* About */,
				E1D15BF2298D61D200AF0012 /* BaseStats */,
				E1D15BF7298D61E400AF0012 /* Moves */,
			);
			path = SegmentedController;
			sourceTree = "<group>";
		};
		E1D15BED298D61BD00AF0012 /* About */ = {
			isa = PBXGroup;
			children = (
				E1D15BE9298D61B800AF0012 /* AboutViewController.swift */,
				E1D15BEA298D61B800AF0012 /* AboutViewController.xib */,
			);
			path = About;
			sourceTree = "<group>";
		};
		E1D15BF2298D61D200AF0012 /* BaseStats */ = {
			isa = PBXGroup;
			children = (
				E1D15BFC298D7B5E00AF0012 /* Cell */,
				E1D15BEE298D61CD00AF0012 /* BaseStatsViewController.swift */,
				E1D15BEF298D61CD00AF0012 /* BaseStatsViewController.xib */,
			);
			path = BaseStats;
			sourceTree = "<group>";
		};
		E1D15BF7298D61E400AF0012 /* Moves */ = {
			isa = PBXGroup;
			children = (
				E1D15C01298D85AB00AF0012 /* Cell */,
				E1D15BF3298D61E000AF0012 /* MovesViewController.swift */,
				E1D15BF4298D61E000AF0012 /* MovesViewController.xib */,
			);
			path = Moves;
			sourceTree = "<group>";
		};
		E1D15BFC298D7B5E00AF0012 /* Cell */ = {
			isa = PBXGroup;
			children = (
				E1D15BF8298D7B5700AF0012 /* BaseStatsTableViewCell.swift */,
				E1D15BF9298D7B5700AF0012 /* BaseStatsTableViewCell.xib */,
			);
			path = Cell;
			sourceTree = "<group>";
		};
		E1D15C01298D85AB00AF0012 /* Cell */ = {
			isa = PBXGroup;
			children = (
				E1D15C02298D871C00AF0012 /* MovesTableViewCell.swift */,
				E1D15C03298D871C00AF0012 /* MovesTableViewCell.xib */,
			);
			path = Cell;
			sourceTree = "<group>";
		};
/* End PBXGroup section */

/* Begin PBXNativeTarget section */
		BC9A683D298934300027A87F /* pokedex */ = {
			isa = PBXNativeTarget;
			buildConfigurationList = BC9A6868298934320027A87F /* Build configuration list for PBXNativeTarget "pokedex" */;
			buildPhases = (
				BC9A683A298934300027A87F /* Sources */,
				BC9A683B298934300027A87F /* Frameworks */,
				BC9A683C298934300027A87F /* Resources */,
			);
			buildRules = (
			);
			dependencies = (
			);
			name = pokedex;
			packageProductDependencies = (
				BC9A6894298BBE5E0027A87F /* Alamofire */,
				BC9A6897298BBE810027A87F /* Kingfisher */,
				BC9A689A298BBEB90027A87F /* netfox */,
				BC53EF5E299A15DD00BEE7D8 /* Lottie */,
			);
			productName = pokedex;
			productReference = BC9A683E298934300027A87F /* pokedex.app */;
			productType = "com.apple.product-type.application";
		};
		BC9A6853298934320027A87F /* pokedexTests */ = {
			isa = PBXNativeTarget;
			buildConfigurationList = BC9A686B298934320027A87F /* Build configuration list for PBXNativeTarget "pokedexTests" */;
			buildPhases = (
				BC9A6850298934320027A87F /* Sources */,
				BC9A6851298934320027A87F /* Frameworks */,
				BC9A6852298934320027A87F /* Resources */,
			);
			buildRules = (
			);
			dependencies = (
				BC9A6856298934320027A87F /* PBXTargetDependency */,
			);
			name = pokedexTests;
			productName = pokedexTests;
			productReference = BC9A6854298934320027A87F /* pokedexTests.xctest */;
			productType = "com.apple.product-type.bundle.unit-test";
		};
		BC9A685D298934320027A87F /* pokedexUITests */ = {
			isa = PBXNativeTarget;
			buildConfigurationList = BC9A686E298934320027A87F /* Build configuration list for PBXNativeTarget "pokedexUITests" */;
			buildPhases = (
				BC9A685A298934320027A87F /* Sources */,
				BC9A685B298934320027A87F /* Frameworks */,
				BC9A685C298934320027A87F /* Resources */,
			);
			buildRules = (
			);
			dependencies = (
				BC9A6860298934320027A87F /* PBXTargetDependency */,
			);
			name = pokedexUITests;
			productName = pokedexUITests;
			productReference = BC9A685E298934320027A87F /* pokedexUITests.xctest */;
			productType = "com.apple.product-type.bundle.ui-testing";
		};
/* End PBXNativeTarget section */

/* Begin PBXProject section */
		BC9A6836298934300027A87F /* Project object */ = {
			isa = PBXProject;
			attributes = {
				BuildIndependentTargetsInParallel = 1;
				LastSwiftUpdateCheck = 1420;
				LastUpgradeCheck = 1420;
				TargetAttributes = {
					BC9A683D298934300027A87F = {
						CreatedOnToolsVersion = 14.2;
					};
					BC9A6853298934320027A87F = {
						CreatedOnToolsVersion = 14.2;
						TestTargetID = BC9A683D298934300027A87F;
					};
					BC9A685D298934320027A87F = {
						CreatedOnToolsVersion = 14.2;
						TestTargetID = BC9A683D298934300027A87F;
					};
				};
			};
			buildConfigurationList = BC9A6839298934300027A87F /* Build configuration list for PBXProject "pokedex" */;
			compatibilityVersion = "Xcode 14.0";
			developmentRegion = en;
			hasScannedForEncodings = 0;
			knownRegions = (
				en,
				Base,
			);
			mainGroup = BC9A6835298934300027A87F;
			packageReferences = (
				BC9A6893298BBE5E0027A87F /* XCRemoteSwiftPackageReference "Alamofire" */,
				BC9A6896298BBE810027A87F /* XCRemoteSwiftPackageReference "Kingfisher" */,
				BC9A6899298BBEB90027A87F /* XCRemoteSwiftPackageReference "netfox" */,
				BC53EF5D299A15DD00BEE7D8 /* XCRemoteSwiftPackageReference "lottie-ios" */,
			);
			productRefGroup = BC9A683F298934300027A87F /* Products */;
			projectDirPath = "";
			projectRoot = "";
			targets = (
				BC9A683D298934300027A87F /* pokedex */,
				BC9A6853298934320027A87F /* pokedexTests */,
				BC9A685D298934320027A87F /* pokedexUITests */,
			);
		};
/* End PBXProject section */

/* Begin PBXResourcesBuildPhase section */
		BC9A683C298934300027A87F /* Resources */ = {
			isa = PBXResourcesBuildPhase;
			buildActionMask = 2147483647;
			files = (
				BC9A687A29893A190027A87F /* MyCollectionViewController.xib in Resources */,
				BC53EF62299A242F00BEE7D8 /* pokeball_loading.json in Resources */,
				E1D15BEC298D61B900AF0012 /* AboutViewController.xib in Resources */,
				E1BF746D298AE1F800A2FE45 /* PokemonListCollectionViewCell.xib in Resources */,
				BC9A684E298934320027A87F /* LaunchScreen.storyboard in Resources */,
				BCD8D38F298D1B0800C3FA12 /* DetailPokemonViewController.xib in Resources */,
				E1D15BF1298D61CD00AF0012 /* BaseStatsViewController.xib in Resources */,
				E1D15BF6298D61E000AF0012 /* MovesViewController.xib in Resources */,
				E1D15C05298D871C00AF0012 /* MovesTableViewCell.xib in Resources */,
				BC9A684B298934320027A87F /* Assets.xcassets in Resources */,
				E1D15BFB298D7B5700AF0012 /* BaseStatsTableViewCell.xib in Resources */,
				BC9A6876298939BB0027A87F /* DashboardViewController.xib in Resources */,
			);
			runOnlyForDeploymentPostprocessing = 0;
		};
		BC9A6852298934320027A87F /* Resources */ = {
			isa = PBXResourcesBuildPhase;
			buildActionMask = 2147483647;
			files = (
			);
			runOnlyForDeploymentPostprocessing = 0;
		};
		BC9A685C298934320027A87F /* Resources */ = {
			isa = PBXResourcesBuildPhase;
			buildActionMask = 2147483647;
			files = (
			);
			runOnlyForDeploymentPostprocessing = 0;
		};
/* End PBXResourcesBuildPhase section */

/* Begin PBXSourcesBuildPhase section */
		BC9A683A298934300027A87F /* Sources */ = {
			isa = PBXSourcesBuildPhase;
			buildActionMask = 2147483647;
			files = (
				BCD8D37B298BD40E00C3FA12 /* Observable.swift in Sources */,
				BC9A689F298BC0E90027A87F /* Repository.swift in Sources */,
				BC9A68A2298BC2680027A87F /* PokemonList.swift in Sources */,
				BCD8D37F298BD43D00C3FA12 /* DashboardViewModel.swift in Sources */,
				E1BF746C298AE1F800A2FE45 /* PokemonListCollectionViewCell.swift in Sources */,
				BC5B383D2993B10700E8BCDA /* Utils.swift in Sources */,
				E1D15BF5298D61E000AF0012 /* MovesViewController.swift in Sources */,
				BC5B38492994D85700E8BCDA /* MyCollectionViewModel.swift in Sources */,
				E1D15BE7298D59B100AF0012 /* CollectionExtension.swift in Sources */,
				BC088CFA2990E26C00F3961D /* UIViewControllerExtension.swift in Sources */,
				BC5B38462993B70B00E8BCDA /* DetailPokemonViewModel.swift in Sources */,
				BC9A6842298934300027A87F /* AppDelegate.swift in Sources */,
				BC28402B2990DBC800BC63B4 /* UIColorExtension.swift in Sources */,
				BC9A6872298938900027A87F /* TabBarViewController.swift in Sources */,
				E1D15BE2298D58B900AF0012 /* CustomSegmentedControl.swift in Sources */,
				BC5B383B2993AA7000E8BCDA /* pokedex.xcdatamodeld in Sources */,
				BC9A68A6298BC5F50027A87F /* Pokemon.swift in Sources */,
				E1D15BF0298D61CD00AF0012 /* BaseStatsViewController.swift in Sources */,
				BC9A68A4298BC3100027A87F /* PokemonResults.swift in Sources */,
				BC9A6844298934300027A87F /* SceneDelegate.swift in Sources */,
				BC5B384E2994FFDB00E8BCDA /* UICollectionViewExtension.swift in Sources */,
				BC9A687929893A190027A87F /* MyCollectionViewController.swift in Sources */,
				BC9A6875298939BB0027A87F /* DashboardViewController.swift in Sources */,
				E1D15C04298D871C00AF0012 /* MovesTableViewCell.swift in Sources */,
				BC5B384C2994D8EE00E8BCDA /* PokemonCollection.swift in Sources */,
				E1D15BEB298D61B900AF0012 /* AboutViewController.swift in Sources */,
				BC088CF82990E22F00F3961D /* Toast.swift in Sources */,
				BCD8D38E298D1B0800C3FA12 /* DetailPokemonViewController.swift in Sources */,
				E1D15BFA298D7B5700AF0012 /* BaseStatsTableViewCell.swift in Sources */,
			);
			runOnlyForDeploymentPostprocessing = 0;
		};
		BC9A6850298934320027A87F /* Sources */ = {
			isa = PBXSourcesBuildPhase;
			buildActionMask = 2147483647;
			files = (
				BC9A6859298934320027A87F /* pokedexTests.swift in Sources */,
			);
			runOnlyForDeploymentPostprocessing = 0;
		};
		BC9A685A298934320027A87F /* Sources */ = {
			isa = PBXSourcesBuildPhase;
			buildActionMask = 2147483647;
			files = (
				BC9A6863298934320027A87F /* pokedexUITests.swift in Sources */,
				BC9A6865298934320027A87F /* pokedexUITestsLaunchTests.swift in Sources */,
			);
			runOnlyForDeploymentPostprocessing = 0;
		};
/* End PBXSourcesBuildPhase section */

/* Begin PBXTargetDependency section */
		BC9A6856298934320027A87F /* PBXTargetDependency */ = {
			isa = PBXTargetDependency;
			target = BC9A683D298934300027A87F /* pokedex */;
			targetProxy = BC9A6855298934320027A87F /* PBXContainerItemProxy */;
		};
		BC9A6860298934320027A87F /* PBXTargetDependency */ = {
			isa = PBXTargetDependency;
			target = BC9A683D298934300027A87F /* pokedex */;
			targetProxy = BC9A685F298934320027A87F /* PBXContainerItemProxy */;
		};
/* End PBXTargetDependency section */

/* Begin PBXVariantGroup section */
		BC9A684C298934320027A87F /* LaunchScreen.storyboard */ = {
			isa = PBXVariantGroup;
			children = (
				BC9A684D298934320027A87F /* Base */,
			);
			name = LaunchScreen.storyboard;
			sourceTree = "<group>";
		};
/* End PBXVariantGroup section */

/* Begin XCBuildConfiguration section */
		BC9A6866298934320027A87F /* Debug */ = {
			isa = XCBuildConfiguration;
			buildSettings = {
				ALWAYS_SEARCH_USER_PATHS = NO;
				CLANG_ANALYZER_NONNULL = YES;
				CLANG_ANALYZER_NUMBER_OBJECT_CONVERSION = YES_AGGRESSIVE;
				CLANG_CXX_LANGUAGE_STANDARD = "gnu++20";
				CLANG_ENABLE_MODULES = YES;
				CLANG_ENABLE_OBJC_ARC = YES;
				CLANG_ENABLE_OBJC_WEAK = YES;
				CLANG_WARN_BLOCK_CAPTURE_AUTORELEASING = YES;
				CLANG_WARN_BOOL_CONVERSION = YES;
				CLANG_WARN_COMMA = YES;
				CLANG_WARN_CONSTANT_CONVERSION = YES;
				CLANG_WARN_DEPRECATED_OBJC_IMPLEMENTATIONS = YES;
				CLANG_WARN_DIRECT_OBJC_ISA_USAGE = YES_ERROR;
				CLANG_WARN_DOCUMENTATION_COMMENTS = YES;
				CLANG_WARN_EMPTY_BODY = YES;
				CLANG_WARN_ENUM_CONVERSION = YES;
				CLANG_WARN_INFINITE_RECURSION = YES;
				CLANG_WARN_INT_CONVERSION = YES;
				CLANG_WARN_NON_LITERAL_NULL_CONVERSION = YES;
				CLANG_WARN_OBJC_IMPLICIT_RETAIN_SELF = YES;
				CLANG_WARN_OBJC_LITERAL_CONVERSION = YES;
				CLANG_WARN_OBJC_ROOT_CLASS = YES_ERROR;
				CLANG_WARN_QUOTED_INCLUDE_IN_FRAMEWORK_HEADER = YES;
				CLANG_WARN_RANGE_LOOP_ANALYSIS = YES;
				CLANG_WARN_STRICT_PROTOTYPES = YES;
				CLANG_WARN_SUSPICIOUS_MOVE = YES;
				CLANG_WARN_UNGUARDED_AVAILABILITY = YES_AGGRESSIVE;
				CLANG_WARN_UNREACHABLE_CODE = YES;
				CLANG_WARN__DUPLICATE_METHOD_MATCH = YES;
				COPY_PHASE_STRIP = NO;
				DEBUG_INFORMATION_FORMAT = dwarf;
				ENABLE_STRICT_OBJC_MSGSEND = YES;
				ENABLE_TESTABILITY = YES;
				GCC_C_LANGUAGE_STANDARD = gnu11;
				GCC_DYNAMIC_NO_PIC = NO;
				GCC_NO_COMMON_BLOCKS = YES;
				GCC_OPTIMIZATION_LEVEL = 0;
				GCC_PREPROCESSOR_DEFINITIONS = (
					"DEBUG=1",
					"$(inherited)",
				);
				GCC_WARN_64_TO_32_BIT_CONVERSION = YES;
				GCC_WARN_ABOUT_RETURN_TYPE = YES_ERROR;
				GCC_WARN_UNDECLARED_SELECTOR = YES;
				GCC_WARN_UNINITIALIZED_AUTOS = YES_AGGRESSIVE;
				GCC_WARN_UNUSED_FUNCTION = YES;
				GCC_WARN_UNUSED_VARIABLE = YES;
				IPHONEOS_DEPLOYMENT_TARGET = 16.2;
				MTL_ENABLE_DEBUG_INFO = INCLUDE_SOURCE;
				MTL_FAST_MATH = YES;
				ONLY_ACTIVE_ARCH = YES;
				SDKROOT = iphoneos;
				SWIFT_ACTIVE_COMPILATION_CONDITIONS = DEBUG;
				SWIFT_OPTIMIZATION_LEVEL = "-Onone";
			};
			name = Debug;
		};
		BC9A6867298934320027A87F /* Release */ = {
			isa = XCBuildConfiguration;
			buildSettings = {
				ALWAYS_SEARCH_USER_PATHS = NO;
				CLANG_ANALYZER_NONNULL = YES;
				CLANG_ANALYZER_NUMBER_OBJECT_CONVERSION = YES_AGGRESSIVE;
				CLANG_CXX_LANGUAGE_STANDARD = "gnu++20";
				CLANG_ENABLE_MODULES = YES;
				CLANG_ENABLE_OBJC_ARC = YES;
				CLANG_ENABLE_OBJC_WEAK = YES;
				CLANG_WARN_BLOCK_CAPTURE_AUTORELEASING = YES;
				CLANG_WARN_BOOL_CONVERSION = YES;
				CLANG_WARN_COMMA = YES;
				CLANG_WARN_CONSTANT_CONVERSION = YES;
				CLANG_WARN_DEPRECATED_OBJC_IMPLEMENTATIONS = YES;
				CLANG_WARN_DIRECT_OBJC_ISA_USAGE = YES_ERROR;
				CLANG_WARN_DOCUMENTATION_COMMENTS = YES;
				CLANG_WARN_EMPTY_BODY = YES;
				CLANG_WARN_ENUM_CONVERSION = YES;
				CLANG_WARN_INFINITE_RECURSION = YES;
				CLANG_WARN_INT_CONVERSION = YES;
				CLANG_WARN_NON_LITERAL_NULL_CONVERSION = YES;
				CLANG_WARN_OBJC_IMPLICIT_RETAIN_SELF = YES;
				CLANG_WARN_OBJC_LITERAL_CONVERSION = YES;
				CLANG_WARN_OBJC_ROOT_CLASS = YES_ERROR;
				CLANG_WARN_QUOTED_INCLUDE_IN_FRAMEWORK_HEADER = YES;
				CLANG_WARN_RANGE_LOOP_ANALYSIS = YES;
				CLANG_WARN_STRICT_PROTOTYPES = YES;
				CLANG_WARN_SUSPICIOUS_MOVE = YES;
				CLANG_WARN_UNGUARDED_AVAILABILITY = YES_AGGRESSIVE;
				CLANG_WARN_UNREACHABLE_CODE = YES;
				CLANG_WARN__DUPLICATE_METHOD_MATCH = YES;
				COPY_PHASE_STRIP = NO;
				DEBUG_INFORMATION_FORMAT = "dwarf-with-dsym";
				ENABLE_NS_ASSERTIONS = NO;
				ENABLE_STRICT_OBJC_MSGSEND = YES;
				GCC_C_LANGUAGE_STANDARD = gnu11;
				GCC_NO_COMMON_BLOCKS = YES;
				GCC_WARN_64_TO_32_BIT_CONVERSION = YES;
				GCC_WARN_ABOUT_RETURN_TYPE = YES_ERROR;
				GCC_WARN_UNDECLARED_SELECTOR = YES;
				GCC_WARN_UNINITIALIZED_AUTOS = YES_AGGRESSIVE;
				GCC_WARN_UNUSED_FUNCTION = YES;
				GCC_WARN_UNUSED_VARIABLE = YES;
				IPHONEOS_DEPLOYMENT_TARGET = 16.2;
				MTL_ENABLE_DEBUG_INFO = NO;
				MTL_FAST_MATH = YES;
				SDKROOT = iphoneos;
				SWIFT_COMPILATION_MODE = wholemodule;
				SWIFT_OPTIMIZATION_LEVEL = "-O";
				VALIDATE_PRODUCT = YES;
			};
			name = Release;
		};
		BC9A6869298934320027A87F /* Debug */ = {
			isa = XCBuildConfiguration;
			buildSettings = {
				ASSETCATALOG_COMPILER_APPICON_NAME = AppIcon;
				ASSETCATALOG_COMPILER_GLOBAL_ACCENT_COLOR_NAME = AccentColor;
				CODE_SIGN_STYLE = Automatic;
				CURRENT_PROJECT_VERSION = 1;
				DEVELOPMENT_TEAM = T7A66MU3ZQ;
				GENERATE_INFOPLIST_FILE = YES;
				INFOPLIST_FILE = pokedex/Info.plist;
				INFOPLIST_KEY_UIApplicationSupportsIndirectInputEvents = YES;
				INFOPLIST_KEY_UILaunchStoryboardName = LaunchScreen;
				INFOPLIST_KEY_UISupportedInterfaceOrientations = UIInterfaceOrientationPortrait;
				INFOPLIST_KEY_UISupportedInterfaceOrientations_iPad = "UIInterfaceOrientationLandscapeLeft UIInterfaceOrientationLandscapeRight UIInterfaceOrientationPortrait UIInterfaceOrientationPortraitUpsideDown";
				IPHONEOS_DEPLOYMENT_TARGET = 13.0;
				LD_RUNPATH_SEARCH_PATHS = (
					"$(inherited)",
					"@executable_path/Frameworks",
				);
				MARKETING_VERSION = 1.0;
				PRODUCT_BUNDLE_IDENTIFIER = com.yxgg.pokedex;
				PRODUCT_NAME = "$(TARGET_NAME)";
				SWIFT_EMIT_LOC_STRINGS = YES;
				SWIFT_VERSION = 5.0;
				TARGETED_DEVICE_FAMILY = "1,2";
			};
			name = Debug;
		};
		BC9A686A298934320027A87F /* Release */ = {
			isa = XCBuildConfiguration;
			buildSettings = {
				ASSETCATALOG_COMPILER_APPICON_NAME = AppIcon;
				ASSETCATALOG_COMPILER_GLOBAL_ACCENT_COLOR_NAME = AccentColor;
				CODE_SIGN_STYLE = Automatic;
				CURRENT_PROJECT_VERSION = 1;
				DEVELOPMENT_TEAM = T7A66MU3ZQ;
				GENERATE_INFOPLIST_FILE = YES;
				INFOPLIST_FILE = pokedex/Info.plist;
				INFOPLIST_KEY_UIApplicationSupportsIndirectInputEvents = YES;
				INFOPLIST_KEY_UILaunchStoryboardName = LaunchScreen;
				INFOPLIST_KEY_UISupportedInterfaceOrientations = UIInterfaceOrientationPortrait;
				INFOPLIST_KEY_UISupportedInterfaceOrientations_iPad = "UIInterfaceOrientationLandscapeLeft UIInterfaceOrientationLandscapeRight UIInterfaceOrientationPortrait UIInterfaceOrientationPortraitUpsideDown";
				IPHONEOS_DEPLOYMENT_TARGET = 13.0;
				LD_RUNPATH_SEARCH_PATHS = (
					"$(inherited)",
					"@executable_path/Frameworks",
				);
				MARKETING_VERSION = 1.0;
				PRODUCT_BUNDLE_IDENTIFIER = com.yxgg.pokedex;
				PRODUCT_NAME = "$(TARGET_NAME)";
				SWIFT_EMIT_LOC_STRINGS = YES;
				SWIFT_VERSION = 5.0;
				TARGETED_DEVICE_FAMILY = "1,2";
			};
			name = Release;
		};
		BC9A686C298934320027A87F /* Debug */ = {
			isa = XCBuildConfiguration;
			buildSettings = {
				ALWAYS_EMBED_SWIFT_STANDARD_LIBRARIES = YES;
				BUNDLE_LOADER = "$(TEST_HOST)";
				CODE_SIGN_STYLE = Automatic;
				CURRENT_PROJECT_VERSION = 1;
				DEVELOPMENT_TEAM = T7A66MU3ZQ;
				GENERATE_INFOPLIST_FILE = YES;
				IPHONEOS_DEPLOYMENT_TARGET = 16.2;
				MARKETING_VERSION = 1.0;
				PRODUCT_BUNDLE_IDENTIFIER = com.yxgg.pokedexTests;
				PRODUCT_NAME = "$(TARGET_NAME)";
				SWIFT_EMIT_LOC_STRINGS = NO;
				SWIFT_VERSION = 5.0;
				TARGETED_DEVICE_FAMILY = "1,2";
				TEST_HOST = "$(BUILT_PRODUCTS_DIR)/pokedex.app/$(BUNDLE_EXECUTABLE_FOLDER_PATH)/pokedex";
			};
			name = Debug;
		};
		BC9A686D298934320027A87F /* Release */ = {
			isa = XCBuildConfiguration;
			buildSettings = {
				ALWAYS_EMBED_SWIFT_STANDARD_LIBRARIES = YES;
				BUNDLE_LOADER = "$(TEST_HOST)";
				CODE_SIGN_STYLE = Automatic;
				CURRENT_PROJECT_VERSION = 1;
				DEVELOPMENT_TEAM = T7A66MU3ZQ;
				GENERATE_INFOPLIST_FILE = YES;
				IPHONEOS_DEPLOYMENT_TARGET = 16.2;
				MARKETING_VERSION = 1.0;
				PRODUCT_BUNDLE_IDENTIFIER = com.yxgg.pokedexTests;
				PRODUCT_NAME = "$(TARGET_NAME)";
				SWIFT_EMIT_LOC_STRINGS = NO;
				SWIFT_VERSION = 5.0;
				TARGETED_DEVICE_FAMILY = "1,2";
				TEST_HOST = "$(BUILT_PRODUCTS_DIR)/pokedex.app/$(BUNDLE_EXECUTABLE_FOLDER_PATH)/pokedex";
			};
			name = Release;
		};
		BC9A686F298934320027A87F /* Debug */ = {
			isa = XCBuildConfiguration;
			buildSettings = {
				ALWAYS_EMBED_SWIFT_STANDARD_LIBRARIES = YES;
				CODE_SIGN_STYLE = Automatic;
				CURRENT_PROJECT_VERSION = 1;
				DEVELOPMENT_TEAM = T7A66MU3ZQ;
				GENERATE_INFOPLIST_FILE = YES;
				MARKETING_VERSION = 1.0;
				PRODUCT_BUNDLE_IDENTIFIER = com.yxgg.pokedexUITests;
				PRODUCT_NAME = "$(TARGET_NAME)";
				SWIFT_EMIT_LOC_STRINGS = NO;
				SWIFT_VERSION = 5.0;
				TARGETED_DEVICE_FAMILY = "1,2";
				TEST_TARGET_NAME = pokedex;
			};
			name = Debug;
		};
		BC9A6870298934320027A87F /* Release */ = {
			isa = XCBuildConfiguration;
			buildSettings = {
				ALWAYS_EMBED_SWIFT_STANDARD_LIBRARIES = YES;
				CODE_SIGN_STYLE = Automatic;
				CURRENT_PROJECT_VERSION = 1;
				DEVELOPMENT_TEAM = T7A66MU3ZQ;
				GENERATE_INFOPLIST_FILE = YES;
				MARKETING_VERSION = 1.0;
				PRODUCT_BUNDLE_IDENTIFIER = com.yxgg.pokedexUITests;
				PRODUCT_NAME = "$(TARGET_NAME)";
				SWIFT_EMIT_LOC_STRINGS = NO;
				SWIFT_VERSION = 5.0;
				TARGETED_DEVICE_FAMILY = "1,2";
				TEST_TARGET_NAME = pokedex;
			};
			name = Release;
		};
/* End XCBuildConfiguration section */

/* Begin XCConfigurationList section */
		BC9A6839298934300027A87F /* Build configuration list for PBXProject "pokedex" */ = {
			isa = XCConfigurationList;
			buildConfigurations = (
				BC9A6866298934320027A87F /* Debug */,
				BC9A6867298934320027A87F /* Release */,
			);
			defaultConfigurationIsVisible = 0;
			defaultConfigurationName = Release;
		};
		BC9A6868298934320027A87F /* Build configuration list for PBXNativeTarget "pokedex" */ = {
			isa = XCConfigurationList;
			buildConfigurations = (
				BC9A6869298934320027A87F /* Debug */,
				BC9A686A298934320027A87F /* Release */,
			);
			defaultConfigurationIsVisible = 0;
			defaultConfigurationName = Release;
		};
		BC9A686B298934320027A87F /* Build configuration list for PBXNativeTarget "pokedexTests" */ = {
			isa = XCConfigurationList;
			buildConfigurations = (
				BC9A686C298934320027A87F /* Debug */,
				BC9A686D298934320027A87F /* Release */,
			);
			defaultConfigurationIsVisible = 0;
			defaultConfigurationName = Release;
		};
		BC9A686E298934320027A87F /* Build configuration list for PBXNativeTarget "pokedexUITests" */ = {
			isa = XCConfigurationList;
			buildConfigurations = (
				BC9A686F298934320027A87F /* Debug */,
				BC9A6870298934320027A87F /* Release */,
			);
			defaultConfigurationIsVisible = 0;
			defaultConfigurationName = Release;
		};
/* End XCConfigurationList section */

/* Begin XCRemoteSwiftPackageReference section */
		BC53EF5D299A15DD00BEE7D8 /* XCRemoteSwiftPackageReference "lottie-ios" */ = {
			isa = XCRemoteSwiftPackageReference;
			repositoryURL = "https://github.com/airbnb/lottie-ios";
			requirement = {
				kind = upToNextMajorVersion;
				minimumVersion = 4.0.0;
			};
		};
		BC9A6893298BBE5E0027A87F /* XCRemoteSwiftPackageReference "Alamofire" */ = {
			isa = XCRemoteSwiftPackageReference;
			repositoryURL = "https://github.com/Alamofire/Alamofire";
			requirement = {
				kind = upToNextMajorVersion;
				minimumVersion = 5.0.0;
			};
		};
		BC9A6896298BBE810027A87F /* XCRemoteSwiftPackageReference "Kingfisher" */ = {
			isa = XCRemoteSwiftPackageReference;
			repositoryURL = "https://github.com/onevcat/Kingfisher";
			requirement = {
				kind = upToNextMajorVersion;
				minimumVersion = 7.0.0;
			};
		};
		BC9A6899298BBEB90027A87F /* XCRemoteSwiftPackageReference "netfox" */ = {
			isa = XCRemoteSwiftPackageReference;
			repositoryURL = "https://github.com/kasketis/netfox";
			requirement = {
				kind = upToNextMajorVersion;
				minimumVersion = 1.0.0;
			};
		};
/* End XCRemoteSwiftPackageReference section */

/* Begin XCSwiftPackageProductDependency section */
		BC53EF5E299A15DD00BEE7D8 /* Lottie */ = {
			isa = XCSwiftPackageProductDependency;
			package = BC53EF5D299A15DD00BEE7D8 /* XCRemoteSwiftPackageReference "lottie-ios" */;
			productName = Lottie;
		};
		BC9A6894298BBE5E0027A87F /* Alamofire */ = {
			isa = XCSwiftPackageProductDependency;
			package = BC9A6893298BBE5E0027A87F /* XCRemoteSwiftPackageReference "Alamofire" */;
			productName = Alamofire;
		};
		BC9A6897298BBE810027A87F /* Kingfisher */ = {
			isa = XCSwiftPackageProductDependency;
			package = BC9A6896298BBE810027A87F /* XCRemoteSwiftPackageReference "Kingfisher" */;
			productName = Kingfisher;
		};
		BC9A689A298BBEB90027A87F /* netfox */ = {
			isa = XCSwiftPackageProductDependency;
			package = BC9A6899298BBEB90027A87F /* XCRemoteSwiftPackageReference "netfox" */;
			productName = netfox;
		};
/* End XCSwiftPackageProductDependency section */

/* Begin XCVersionGroup section */
		BC5B38392993AA7000E8BCDA /* pokedex.xcdatamodeld */ = {
			isa = XCVersionGroup;
			children = (
				BC5B383A2993AA7000E8BCDA /* pokedex.xcdatamodel */,
			);
			currentVersion = BC5B383A2993AA7000E8BCDA /* pokedex.xcdatamodel */;
			path = pokedex.xcdatamodeld;
			sourceTree = "<group>";
			versionGroupType = wrapper.xcdatamodel;
		};
/* End XCVersionGroup section */
	};
	rootObject = BC9A6836298934300027A87F /* Project object */;
}
